
Microsoft Visual Studio Solution File, Format Version 12.00
# Visual Studio Version 17
VisualStudioVersion = 17.5.002.0
MinimumVisualStudioVersion = 10.0.40219.1
Project("{9A19103F-16F7-4668-BE54-9A1E7A4F7556}") = "VendorAPI", "VendorAPI.csproj", "{22288C2A-6FDA-45CB-AA3A-B9DACEFAC634}"
EndProject
Project("{2150E333-8FDC-42A3-9474-1A3956D46DE8}") = "Tests", "Tests", "{57A46456-F391-46B1-989F-3E68BFB1A65F}"
EndProject
Project("{FAE04EC0-301F-11D3-BF4B-00C04F79EFBC}") = "VendorAPI.Tests", "Tests\VendorAPI.Tests\VendorAPI.Tests.csproj", "{0BB82BD3-066E-4928-B5CE-300AB9BDCBC4}"
EndProject
Global
	GlobalSection(SolutionConfigurationPlatforms) = preSolution
		Debug|Any CPU = Debug|Any CPU
		Release|Any CPU = Release|Any CPU
	EndGlobalSection
	GlobalSection(ProjectConfigurationPlatforms) = postSolution
		{22288C2A-6FDA-45CB-AA3A-B9DACEFAC634}.Debug|Any CPU.ActiveCfg = Debug|Any CPU
		{22288C2A-6FDA-45CB-AA3A-B9DACEFAC634}.Debug|Any CPU.Build.0 = Debug|Any CPU
		{22288C2A-6FDA-45CB-AA3A-B9DACEFAC634}.Release|Any CPU.ActiveCfg = Release|Any CPU
		{22288C2A-6FDA-45CB-AA3A-B9DACEFAC634}.Release|Any CPU.Build.0 = Release|Any CPU
		{0BB82BD3-066E-4928-B5CE-300AB9BDCBC4}.Debug|Any CPU.ActiveCfg = Debug|Any CPU
		{0BB82BD3-066E-4928-B5CE-300AB9BDCBC4}.Debug|Any CPU.Build.0 = Debug|Any CPU
		{0BB82BD3-066E-4928-B5CE-300AB9BDCBC4}.Release|Any CPU.ActiveCfg = Release|Any CPU
		{0BB82BD3-066E-4928-B5CE-300AB9BDCBC4}.Release|Any CPU.Build.0 = Release|Any CPU
	EndGlobalSection
	GlobalSection(SolutionProperties) = preSolution
		HideSolutionNode = FALSE
	EndGlobalSection
	GlobalSection(ExtensibilityGlobals) = postSolution
		SolutionGuid = {6F6018B7-EAB2-468C-BB1D-C00D9D9D6B29}
	EndGlobalSection
	GlobalSection(NestedProjects) = preSolution
		{0BB82BD3-066E-4928-B5CE-300AB9BDCBC4} = {57A46456-F391-46B1-989F-3E68BFB1A65F}
	EndGlobalSection
EndGlobal
